
Microsoft Visual Studio Solution File, Format Version 12.00
# Visual Studio Version 16
VisualStudioVersion = 16.0.31729.503
MinimumVisualStudioVersion = 10.0.40219.1
Project("{FAE04EC0-301F-11D3-BF4B-00C04F79EFBC}") = "my programming", "my programming\my programming.csproj", "{8683EC1C-BAE4-4C65-9058-7CCC7135B5CE}"
EndProject
Global
	GlobalSection(SolutionConfigurationPlatforms) = preSolution
		Debug|Any CPU = Debug|Any CPU
		Release|Any CPU = Release|Any CPU
	EndGlobalSection
	GlobalSection(ProjectConfigurationPlatforms) = postSolution
		{8683EC1C-BAE4-4C65-9058-7CCC7135B5CE}.Debug|Any CPU.ActiveCfg = Debug|Any CPU
		{8683EC1C-BAE4-4C65-9058-7CCC7135B5CE}.Debug|Any CPU.Build.0 = Debug|Any CPU
		{8683EC1C-BAE4-4C65-9058-7CCC7135B5CE}.Release|Any CPU.ActiveCfg = Release|Any CPU
		{8683EC1C-BAE4-4C65-9058-7CCC7135B5CE}.Release|Any CPU.Build.0 = Release|Any CPU
	EndGlobalSection
	GlobalSection(SolutionProperties) = preSolution
		HideSolutionNode = FALSE
	EndGlobalSection
	GlobalSection(ExtensibilityGlobals) = postSolution
		SolutionGuid = {C983EFB2-C07E-4540-9FAF-4EAB3E06816D}
	EndGlobalSection
EndGlobal
